
Microsoft Visual Studio Solution File, Format Version 12.00
# Visual Studio 15
VisualStudioVersion = 15.0.27428.2015
MinimumVisualStudioVersion = 10.0.40219.1
Project("{FAE04EC0-301F-11D3-BF4B-00C04F79EFBC}") = "MoviesDatabse", "MoviesDatabse\MoviesDatabse.csproj", "{B1E2A0D6-8D37-44DF-8A64-233CB466D70C}"
EndProject
Global
	GlobalSection(SolutionConfigurationPlatforms) = preSolution
		Debug|Any CPU = Debug|Any CPU
		Release|Any CPU = Release|Any CPU
	EndGlobalSection
	GlobalSection(ProjectConfigurationPlatforms) = postSolution
		{B1E2A0D6-8D37-44DF-8A64-233CB466D70C}.Debug|Any CPU.ActiveCfg = Debug|Any CPU
		{B1E2A0D6-8D37-44DF-8A64-233CB466D70C}.Debug|Any CPU.Build.0 = Debug|Any CPU
		{B1E2A0D6-8D37-44DF-8A64-233CB466D70C}.Release|Any CPU.ActiveCfg = Release|Any CPU
		{B1E2A0D6-8D37-44DF-8A64-233CB466D70C}.Release|Any CPU.Build.0 = Release|Any CPU
	EndGlobalSection
	GlobalSection(SolutionProperties) = preSolution
		HideSolutionNode = FALSE
	EndGlobalSection
	GlobalSection(ExtensibilityGlobals) = postSolution
		SolutionGuid = {0FCA44F5-168D-4FDC-AB19-6440FF9AEB59}
	EndGlobalSection
EndGlobal
